
Microsoft Visual Studio Solution File, Format Version 12.00
# Visual Studio Version 16
VisualStudioVersion = 16.0.30002.166
MinimumVisualStudioVersion = 10.0.40219.1
Project("{FAE04EC0-301F-11D3-BF4B-00C04F79EFBC}") = "SQLParser", "SQLParser\SQLParser.csproj", "{94BAD141-7350-40D0-99EB-63DD8D1AC4CD}"
EndProject
Global
	GlobalSection(SolutionConfigurationPlatforms) = preSolution
		Debug|Any CPU = Debug|Any CPU
		Release|Any CPU = Release|Any CPU
	EndGlobalSection
	GlobalSection(ProjectConfigurationPlatforms) = postSolution
		{94BAD141-7350-40D0-99EB-63DD8D1AC4CD}.Debug|Any CPU.ActiveCfg = Debug|Any CPU
		{94BAD141-7350-40D0-99EB-63DD8D1AC4CD}.Debug|Any CPU.Build.0 = Debug|Any CPU
		{94BAD141-7350-40D0-99EB-63DD8D1AC4CD}.Release|Any CPU.ActiveCfg = Release|Any CPU
		{94BAD141-7350-40D0-99EB-63DD8D1AC4CD}.Release|Any CPU.Build.0 = Release|Any CPU
	EndGlobalSection
	GlobalSection(SolutionProperties) = preSolution
		HideSolutionNode = FALSE
	EndGlobalSection
	GlobalSection(ExtensibilityGlobals) = postSolution
		SolutionGuid = {780E3896-E18E-4E90-BBCE-F96B3F8AD46A}
	EndGlobalSection
EndGlobal
