
Microsoft Visual Studio Solution File, Format Version 12.00
# Visual Studio Version 16
VisualStudioVersion = 16.0.29009.5
MinimumVisualStudioVersion = 10.0.40219.1
Project("{FAE04EC0-301F-11D3-BF4B-00C04F79EFBC}") = "RefPerformance", "RefPerformance.csproj", "{AD184947-15E0-4830-BF84-9B7DB1AAD939}"
EndProject
Global
	GlobalSection(SolutionConfigurationPlatforms) = preSolution
		Debug|Any CPU = Debug|Any CPU
		Release|Any CPU = Release|Any CPU
	EndGlobalSection
	GlobalSection(ProjectConfigurationPlatforms) = postSolution
		{AD184947-15E0-4830-BF84-9B7DB1AAD939}.Debug|Any CPU.ActiveCfg = Debug|Any CPU
		{AD184947-15E0-4830-BF84-9B7DB1AAD939}.Debug|Any CPU.Build.0 = Debug|Any CPU
		{AD184947-15E0-4830-BF84-9B7DB1AAD939}.Release|Any CPU.ActiveCfg = Release|Any CPU
		{AD184947-15E0-4830-BF84-9B7DB1AAD939}.Release|Any CPU.Build.0 = Release|Any CPU
	EndGlobalSection
	GlobalSection(SolutionProperties) = preSolution
		HideSolutionNode = FALSE
	EndGlobalSection
	GlobalSection(ExtensibilityGlobals) = postSolution
		SolutionGuid = {AC14F774-D654-4AE1-88C6-452E6CE27F38}
	EndGlobalSection
EndGlobal
