
Microsoft Visual Studio Solution File, Format Version 12.00
# Visual Studio Version 16
VisualStudioVersion = 16.0.29009.5
MinimumVisualStudioVersion = 10.0.40219.1
Project("{FAE04EC0-301F-11D3-BF4B-00C04F79EFBC}") = "VF.Calculator", "VF.Calculator.csproj", "{AA191CCA-AF27-4FDE-BEDA-60EAD2FA1E83}"
EndProject
Project("{FAE04EC0-301F-11D3-BF4B-00C04F79EFBC}") = "VF.CalculatorTests", "..\VF.CalculatorTests\VF.CalculatorTests.csproj", "{FE3E2CDE-8A53-4952-9754-603B41EB2A48}"
EndProject
Project("{FAE04EC0-301F-11D3-BF4B-00C04F79EFBC}") = "VF.Calculator.UI", "..\VF.CAlculator.UI\VF.Calculator.UI.csproj", "{467BECB3-3141-4A13-86E3-410C0D554016}"
EndProject
Global
	GlobalSection(SolutionConfigurationPlatforms) = preSolution
		Debug|Any CPU = Debug|Any CPU
		Release|Any CPU = Release|Any CPU
	EndGlobalSection
	GlobalSection(ProjectConfigurationPlatforms) = postSolution
		{AA191CCA-AF27-4FDE-BEDA-60EAD2FA1E83}.Debug|Any CPU.ActiveCfg = Debug|Any CPU
		{AA191CCA-AF27-4FDE-BEDA-60EAD2FA1E83}.Debug|Any CPU.Build.0 = Debug|Any CPU
		{AA191CCA-AF27-4FDE-BEDA-60EAD2FA1E83}.Release|Any CPU.ActiveCfg = Release|Any CPU
		{AA191CCA-AF27-4FDE-BEDA-60EAD2FA1E83}.Release|Any CPU.Build.0 = Release|Any CPU
		{FE3E2CDE-8A53-4952-9754-603B41EB2A48}.Debug|Any CPU.ActiveCfg = Debug|Any CPU
		{FE3E2CDE-8A53-4952-9754-603B41EB2A48}.Debug|Any CPU.Build.0 = Debug|Any CPU
		{FE3E2CDE-8A53-4952-9754-603B41EB2A48}.Release|Any CPU.ActiveCfg = Release|Any CPU
		{FE3E2CDE-8A53-4952-9754-603B41EB2A48}.Release|Any CPU.Build.0 = Release|Any CPU
		{467BECB3-3141-4A13-86E3-410C0D554016}.Debug|Any CPU.ActiveCfg = Debug|Any CPU
		{467BECB3-3141-4A13-86E3-410C0D554016}.Debug|Any CPU.Build.0 = Debug|Any CPU
		{467BECB3-3141-4A13-86E3-410C0D554016}.Release|Any CPU.ActiveCfg = Release|Any CPU
		{467BECB3-3141-4A13-86E3-410C0D554016}.Release|Any CPU.Build.0 = Release|Any CPU
	EndGlobalSection
	GlobalSection(SolutionProperties) = preSolution
		HideSolutionNode = FALSE
	EndGlobalSection
	GlobalSection(ExtensibilityGlobals) = postSolution
		SolutionGuid = {C7FABE81-6F25-44ED-B625-50F3546AA663}
	EndGlobalSection
EndGlobal
