
Microsoft Visual Studio Solution File, Format Version 12.00
# Visual Studio Version 16
VisualStudioVersion = 16.0.29728.190
MinimumVisualStudioVersion = 10.0.40219.1
Project("{FAE04EC0-301F-11D3-BF4B-00C04F79EFBC}") = "GenericConstraints", "GenericConstraints\GenericConstraints.csproj", "{AC4F04E7-FEE8-4636-AA68-E14CE5E0B3D7}"
EndProject
Global
	GlobalSection(SolutionConfigurationPlatforms) = preSolution
		Debug|Any CPU = Debug|Any CPU
		Release|Any CPU = Release|Any CPU
	EndGlobalSection
	GlobalSection(ProjectConfigurationPlatforms) = postSolution
		{AC4F04E7-FEE8-4636-AA68-E14CE5E0B3D7}.Debug|Any CPU.ActiveCfg = Debug|Any CPU
		{AC4F04E7-FEE8-4636-AA68-E14CE5E0B3D7}.Debug|Any CPU.Build.0 = Debug|Any CPU
		{AC4F04E7-FEE8-4636-AA68-E14CE5E0B3D7}.Release|Any CPU.ActiveCfg = Release|Any CPU
		{AC4F04E7-FEE8-4636-AA68-E14CE5E0B3D7}.Release|Any CPU.Build.0 = Release|Any CPU
	EndGlobalSection
	GlobalSection(SolutionProperties) = preSolution
		HideSolutionNode = FALSE
	EndGlobalSection
	GlobalSection(ExtensibilityGlobals) = postSolution
		SolutionGuid = {397FD97C-E079-4334-AA41-B35FE6525569}
	EndGlobalSection
EndGlobal
