
Microsoft Visual Studio Solution File, Format Version 12.00
# Visual Studio Version 16
VisualStudioVersion = 16.0.29102.190
MinimumVisualStudioVersion = 10.0.40219.1
Project("{FAE04EC0-301F-11D3-BF4B-00C04F79EFBC}") = "CopyFiles", "CopyFiles.csproj", "{EC4FDA5B-D9EA-46D0-9F13-F41BFCAAD919}"
EndProject
Global
	GlobalSection(SolutionConfigurationPlatforms) = preSolution
		Debug|Any CPU = Debug|Any CPU
		Release|Any CPU = Release|Any CPU
	EndGlobalSection
	GlobalSection(ProjectConfigurationPlatforms) = postSolution
		{EC4FDA5B-D9EA-46D0-9F13-F41BFCAAD919}.Debug|Any CPU.ActiveCfg = Debug|Any CPU
		{EC4FDA5B-D9EA-46D0-9F13-F41BFCAAD919}.Debug|Any CPU.Build.0 = Debug|Any CPU
		{EC4FDA5B-D9EA-46D0-9F13-F41BFCAAD919}.Release|Any CPU.ActiveCfg = Release|Any CPU
		{EC4FDA5B-D9EA-46D0-9F13-F41BFCAAD919}.Release|Any CPU.Build.0 = Release|Any CPU
	EndGlobalSection
	GlobalSection(SolutionProperties) = preSolution
		HideSolutionNode = FALSE
	EndGlobalSection
	GlobalSection(ExtensibilityGlobals) = postSolution
		SolutionGuid = {F58951E3-BF6C-4AF5-A316-64BDF84EB175}
	EndGlobalSection
EndGlobal
