
Microsoft Visual Studio Solution File, Format Version 12.00
# Visual Studio Version 16
VisualStudioVersion = 16.0.29102.190
MinimumVisualStudioVersion = 10.0.40219.1
Project("{FAE04EC0-301F-11D3-BF4B-00C04F79EFBC}") = "ParallelTaskExecution", "ParallelTaskExecution.csproj", "{5000396D-ABEC-49F4-9B23-C1D110580AC6}"
EndProject
Global
	GlobalSection(SolutionConfigurationPlatforms) = preSolution
		Debug|Any CPU = Debug|Any CPU
		Release|Any CPU = Release|Any CPU
	EndGlobalSection
	GlobalSection(ProjectConfigurationPlatforms) = postSolution
		{5000396D-ABEC-49F4-9B23-C1D110580AC6}.Debug|Any CPU.ActiveCfg = Debug|Any CPU
		{5000396D-ABEC-49F4-9B23-C1D110580AC6}.Debug|Any CPU.Build.0 = Debug|Any CPU
		{5000396D-ABEC-49F4-9B23-C1D110580AC6}.Release|Any CPU.ActiveCfg = Release|Any CPU
		{5000396D-ABEC-49F4-9B23-C1D110580AC6}.Release|Any CPU.Build.0 = Release|Any CPU
	EndGlobalSection
	GlobalSection(SolutionProperties) = preSolution
		HideSolutionNode = FALSE
	EndGlobalSection
	GlobalSection(ExtensibilityGlobals) = postSolution
		SolutionGuid = {1520D254-813C-44B8-B941-B3EE4FF496F0}
	EndGlobalSection
EndGlobal
