
Microsoft Visual Studio Solution File, Format Version 12.00
# Visual Studio 15
VisualStudioVersion = 15.0.28307.136
MinimumVisualStudioVersion = 10.0.40219.1
Project("{FAE04EC0-301F-11D3-BF4B-00C04F79EFBC}") = "ArraySlicePerf", "ArraySlicePerf.csproj", "{A0ECE46F-70FA-47F1-8589-398AF69BE891}"
EndProject
Global
	GlobalSection(SolutionConfigurationPlatforms) = preSolution
		Debug|Any CPU = Debug|Any CPU
		Release|Any CPU = Release|Any CPU
	EndGlobalSection
	GlobalSection(ProjectConfigurationPlatforms) = postSolution
		{A0ECE46F-70FA-47F1-8589-398AF69BE891}.Debug|Any CPU.ActiveCfg = Debug|Any CPU
		{A0ECE46F-70FA-47F1-8589-398AF69BE891}.Debug|Any CPU.Build.0 = Debug|Any CPU
		{A0ECE46F-70FA-47F1-8589-398AF69BE891}.Release|Any CPU.ActiveCfg = Release|Any CPU
		{A0ECE46F-70FA-47F1-8589-398AF69BE891}.Release|Any CPU.Build.0 = Release|Any CPU
	EndGlobalSection
	GlobalSection(SolutionProperties) = preSolution
		HideSolutionNode = FALSE
	EndGlobalSection
	GlobalSection(ExtensibilityGlobals) = postSolution
		SolutionGuid = {235756BA-794F-4A3E-BCEC-E7D36CA3898F}
	EndGlobalSection
EndGlobal
