
Microsoft Visual Studio Solution File, Format Version 12.00
# Visual Studio Version 16
VisualStudioVersion = 16.0.29613.14
MinimumVisualStudioVersion = 10.0.40219.1
Project("{9A19103F-16F7-4668-BE54-9A1E7A4F7556}") = "PolygonAreaSolver", "polygonvolumesolver\PolygonAreaSolver.csproj", "{A430B14F-A775-41B0-B3B3-91A4B36EBE68}"
EndProject
Global
	GlobalSection(SolutionConfigurationPlatforms) = preSolution
		Debug|Any CPU = Debug|Any CPU
		Release|Any CPU = Release|Any CPU
	EndGlobalSection
	GlobalSection(ProjectConfigurationPlatforms) = postSolution
		{A430B14F-A775-41B0-B3B3-91A4B36EBE68}.Debug|Any CPU.ActiveCfg = Debug|Any CPU
		{A430B14F-A775-41B0-B3B3-91A4B36EBE68}.Debug|Any CPU.Build.0 = Debug|Any CPU
		{A430B14F-A775-41B0-B3B3-91A4B36EBE68}.Release|Any CPU.ActiveCfg = Release|Any CPU
		{A430B14F-A775-41B0-B3B3-91A4B36EBE68}.Release|Any CPU.Build.0 = Release|Any CPU
	EndGlobalSection
	GlobalSection(SolutionProperties) = preSolution
		HideSolutionNode = FALSE
	EndGlobalSection
	GlobalSection(ExtensibilityGlobals) = postSolution
		SolutionGuid = {F37A33E4-6F5B-49D0-BCD2-B9222EC128AE}
	EndGlobalSection
EndGlobal
