
Microsoft Visual Studio Solution File, Format Version 12.00
# Visual Studio Version 16
VisualStudioVersion = 16.0.29102.190
MinimumVisualStudioVersion = 10.0.40219.1
Project("{FAE04EC0-301F-11D3-BF4B-00C04F79EFBC}") = "ReadFileToEndAsync", "ReadFileToEndAsync.csproj", "{580285BE-85CB-4425-803A-E28F3CFC93D8}"
EndProject
Global
	GlobalSection(SolutionConfigurationPlatforms) = preSolution
		Debug|Any CPU = Debug|Any CPU
		Release|Any CPU = Release|Any CPU
	EndGlobalSection
	GlobalSection(ProjectConfigurationPlatforms) = postSolution
		{580285BE-85CB-4425-803A-E28F3CFC93D8}.Debug|Any CPU.ActiveCfg = Debug|Any CPU
		{580285BE-85CB-4425-803A-E28F3CFC93D8}.Debug|Any CPU.Build.0 = Debug|Any CPU
		{580285BE-85CB-4425-803A-E28F3CFC93D8}.Release|Any CPU.ActiveCfg = Release|Any CPU
		{580285BE-85CB-4425-803A-E28F3CFC93D8}.Release|Any CPU.Build.0 = Release|Any CPU
	EndGlobalSection
	GlobalSection(SolutionProperties) = preSolution
		HideSolutionNode = FALSE
	EndGlobalSection
	GlobalSection(ExtensibilityGlobals) = postSolution
		SolutionGuid = {8F9278C8-E751-4303-A9FE-42FF5988CF00}
	EndGlobalSection
EndGlobal
