
Microsoft Visual Studio Solution File, Format Version 12.00
# Visual Studio Version 16
VisualStudioVersion = 16.0.29009.5
MinimumVisualStudioVersion = 10.0.40219.1
Project("{FAE04EC0-301F-11D3-BF4B-00C04F79EFBC}") = "StaticPrivateMethods", "StaticPrivateMethods.csproj", "{702D3399-E026-47FA-946D-3A87C2FB8411}"
EndProject
Global
	GlobalSection(SolutionConfigurationPlatforms) = preSolution
		Debug|Any CPU = Debug|Any CPU
		Release|Any CPU = Release|Any CPU
	EndGlobalSection
	GlobalSection(ProjectConfigurationPlatforms) = postSolution
		{702D3399-E026-47FA-946D-3A87C2FB8411}.Debug|Any CPU.ActiveCfg = Debug|Any CPU
		{702D3399-E026-47FA-946D-3A87C2FB8411}.Debug|Any CPU.Build.0 = Debug|Any CPU
		{702D3399-E026-47FA-946D-3A87C2FB8411}.Release|Any CPU.ActiveCfg = Release|Any CPU
		{702D3399-E026-47FA-946D-3A87C2FB8411}.Release|Any CPU.Build.0 = Release|Any CPU
	EndGlobalSection
	GlobalSection(SolutionProperties) = preSolution
		HideSolutionNode = FALSE
	EndGlobalSection
	GlobalSection(ExtensibilityGlobals) = postSolution
		SolutionGuid = {CEAD1CBE-54F1-4F24-96F7-C44E3B87FE14}
	EndGlobalSection
EndGlobal
