
Microsoft Visual Studio Solution File, Format Version 12.00
# Visual Studio Version 16
VisualStudioVersion = 16.0.29905.134
MinimumVisualStudioVersion = 10.0.40219.1
Project("{FAE04EC0-301F-11D3-BF4B-00C04F79EFBC}") = "AsyncInSelect", "AsyncInSelect\AsyncInSelect.csproj", "{CCD22C0A-0244-48D4-95A0-D8AA1DDFBDCB}"
EndProject
Global
	GlobalSection(SolutionConfigurationPlatforms) = preSolution
		Debug|Any CPU = Debug|Any CPU
		Release|Any CPU = Release|Any CPU
	EndGlobalSection
	GlobalSection(ProjectConfigurationPlatforms) = postSolution
		{CCD22C0A-0244-48D4-95A0-D8AA1DDFBDCB}.Debug|Any CPU.ActiveCfg = Debug|Any CPU
		{CCD22C0A-0244-48D4-95A0-D8AA1DDFBDCB}.Debug|Any CPU.Build.0 = Debug|Any CPU
		{CCD22C0A-0244-48D4-95A0-D8AA1DDFBDCB}.Release|Any CPU.ActiveCfg = Release|Any CPU
		{CCD22C0A-0244-48D4-95A0-D8AA1DDFBDCB}.Release|Any CPU.Build.0 = Release|Any CPU
	EndGlobalSection
	GlobalSection(SolutionProperties) = preSolution
		HideSolutionNode = FALSE
	EndGlobalSection
	GlobalSection(ExtensibilityGlobals) = postSolution
		SolutionGuid = {16FB8C38-8BCC-4F17-A6D9-C3508AFA1F0C}
	EndGlobalSection
EndGlobal
