
Microsoft Visual Studio Solution File, Format Version 12.00
# Visual Studio Version 16
VisualStudioVersion = 16.0.29613.14
MinimumVisualStudioVersion = 10.0.40219.1
Project("{FAE04EC0-301F-11D3-BF4B-00C04F79EFBC}") = "Equals", "Equals\Equals.csproj", "{07D9622B-4D7C-49AD-9671-56C80A351A63}"
EndProject
Global
	GlobalSection(SolutionConfigurationPlatforms) = preSolution
		Debug|Any CPU = Debug|Any CPU
		Release|Any CPU = Release|Any CPU
	EndGlobalSection
	GlobalSection(ProjectConfigurationPlatforms) = postSolution
		{07D9622B-4D7C-49AD-9671-56C80A351A63}.Debug|Any CPU.ActiveCfg = Debug|Any CPU
		{07D9622B-4D7C-49AD-9671-56C80A351A63}.Debug|Any CPU.Build.0 = Debug|Any CPU
		{07D9622B-4D7C-49AD-9671-56C80A351A63}.Release|Any CPU.ActiveCfg = Release|Any CPU
		{07D9622B-4D7C-49AD-9671-56C80A351A63}.Release|Any CPU.Build.0 = Release|Any CPU
	EndGlobalSection
	GlobalSection(SolutionProperties) = preSolution
		HideSolutionNode = FALSE
	EndGlobalSection
	GlobalSection(ExtensibilityGlobals) = postSolution
		SolutionGuid = {585605F0-7A71-40F2-AA22-CDE1195BF8B7}
	EndGlobalSection
EndGlobal
