
Microsoft Visual Studio Solution File, Format Version 12.00
# Visual Studio Version 16
VisualStudioVersion = 16.0.29905.134
MinimumVisualStudioVersion = 10.0.40219.1
Project("{FAE04EC0-301F-11D3-BF4B-00C04F79EFBC}") = "AutoFixtureLibraryExample", "AutoFixtureLibraryExample\AutoFixtureLibraryExample.csproj", "{43BE71E6-D626-41DE-B58B-2AC3D256927D}"
EndProject
Global
	GlobalSection(SolutionConfigurationPlatforms) = preSolution
		Debug|Any CPU = Debug|Any CPU
		Release|Any CPU = Release|Any CPU
	EndGlobalSection
	GlobalSection(ProjectConfigurationPlatforms) = postSolution
		{43BE71E6-D626-41DE-B58B-2AC3D256927D}.Debug|Any CPU.ActiveCfg = Debug|Any CPU
		{43BE71E6-D626-41DE-B58B-2AC3D256927D}.Debug|Any CPU.Build.0 = Debug|Any CPU
		{43BE71E6-D626-41DE-B58B-2AC3D256927D}.Release|Any CPU.ActiveCfg = Release|Any CPU
		{43BE71E6-D626-41DE-B58B-2AC3D256927D}.Release|Any CPU.Build.0 = Release|Any CPU
	EndGlobalSection
	GlobalSection(SolutionProperties) = preSolution
		HideSolutionNode = FALSE
	EndGlobalSection
	GlobalSection(ExtensibilityGlobals) = postSolution
		SolutionGuid = {EF8CE078-811C-4FA4-91EF-D1F4C44E76CD}
	EndGlobalSection
EndGlobal
