
Microsoft Visual Studio Solution File, Format Version 12.00
# Visual Studio Version 16
VisualStudioVersion = 16.0.30611.23
MinimumVisualStudioVersion = 10.0.40219.1
Project("{FAE04EC0-301F-11D3-BF4B-00C04F79EFBC}") = "SlicesAndRanges", "SlicesAndRanges.csproj", "{2967A648-8823-4234-8F74-A0CDB8C368AF}"
EndProject
Global
	GlobalSection(SolutionConfigurationPlatforms) = preSolution
		Debug|Any CPU = Debug|Any CPU
		Release|Any CPU = Release|Any CPU
	EndGlobalSection
	GlobalSection(ProjectConfigurationPlatforms) = postSolution
		{2967A648-8823-4234-8F74-A0CDB8C368AF}.Debug|Any CPU.ActiveCfg = Debug|Any CPU
		{2967A648-8823-4234-8F74-A0CDB8C368AF}.Debug|Any CPU.Build.0 = Debug|Any CPU
		{2967A648-8823-4234-8F74-A0CDB8C368AF}.Release|Any CPU.ActiveCfg = Release|Any CPU
		{2967A648-8823-4234-8F74-A0CDB8C368AF}.Release|Any CPU.Build.0 = Release|Any CPU
	EndGlobalSection
	GlobalSection(SolutionProperties) = preSolution
		HideSolutionNode = FALSE
	EndGlobalSection
	GlobalSection(ExtensibilityGlobals) = postSolution
		SolutionGuid = {FE40BA3F-C174-413A-8AC3-FCCDCFE19ABD}
	EndGlobalSection
EndGlobal
